
Microsoft Visual Studio Solution File, Format Version 12.00
# Visual Studio 14
VisualStudioVersion = 14.0.23107.0
MinimumVisualStudioVersion = 10.0.40219.1
Project("{FAE04EC0-301F-11D3-BF4B-00C04F79EFBC}") = "DotStash", "SimpleDataStore\DotStash.csproj", "{835A8A1C-A35D-4E1C-9FC5-92E83E99B3B4}"
EndProject
Project("{2150E333-8FDC-42A3-9474-1A3956D46DE8}") = "Misc", "Misc", "{0BE2365B-65D8-40B3-86AE-65DA41EAC79A}"
	ProjectSection(SolutionItems) = preProject
		.gitignore = .gitignore
		README.md = README.md
	EndProjectSection
EndProject
Project("{FAE04EC0-301F-11D3-BF4B-00C04F79EFBC}") = "DotStash.Example", "SimpleDataStore.Example\DotStash.Example.csproj", "{E5D80940-C7D1-45B4-AA28-2F7F8DD36B69}"
EndProject
Global
	GlobalSection(SolutionConfigurationPlatforms) = preSolution
		Debug|Any CPU = Debug|Any CPU
		Release|Any CPU = Release|Any CPU
	EndGlobalSection
	GlobalSection(ProjectConfigurationPlatforms) = postSolution
		{835A8A1C-A35D-4E1C-9FC5-92E83E99B3B4}.Debug|Any CPU.ActiveCfg = Debug|Any CPU
		{835A8A1C-A35D-4E1C-9FC5-92E83E99B3B4}.Debug|Any CPU.Build.0 = Debug|Any CPU
		{835A8A1C-A35D-4E1C-9FC5-92E83E99B3B4}.Release|Any CPU.ActiveCfg = Release|Any CPU
		{835A8A1C-A35D-4E1C-9FC5-92E83E99B3B4}.Release|Any CPU.Build.0 = Release|Any CPU
		{E5D80940-C7D1-45B4-AA28-2F7F8DD36B69}.Debug|Any CPU.ActiveCfg = Debug|Any CPU
		{E5D80940-C7D1-45B4-AA28-2F7F8DD36B69}.Debug|Any CPU.Build.0 = Debug|Any CPU
		{E5D80940-C7D1-45B4-AA28-2F7F8DD36B69}.Release|Any CPU.ActiveCfg = Release|Any CPU
		{E5D80940-C7D1-45B4-AA28-2F7F8DD36B69}.Release|Any CPU.Build.0 = Release|Any CPU
	EndGlobalSection
	GlobalSection(SolutionProperties) = preSolution
		HideSolutionNode = FALSE
	EndGlobalSection
EndGlobal
